// !$*UTF8*$!
{
	archiveVersion = 1;
	classes = {
	};
	objectVersion = 46;
	objects = {

/* Begin PBXBuildFile section */
		181F4FAA1CFD887200B13E77 /* Scooter.xcdatamodeld in Sources */ = {isa = PBXBuildFile; fileRef = 181F4FA81CFD887200B13E77 /* Scooter.xcdatamodeld */; };
		181F4FAC1CFD88D100B13E77 /* ScooterModel.swift in Sources */ = {isa = PBXBuildFile; fileRef = 181F4FAB1CFD88D100B13E77 /* ScooterModel.swift */; };
		181F4FAE1CFDBDC100B13E77 /* CommonViewController.swift in Sources */ = {isa = PBXBuildFile; fileRef = 181F4FAD1CFDBDC100B13E77 /* CommonViewController.swift */; };
		183E661A1D06C41C00E1A4E9 /* CounterView.swift in Sources */ = {isa = PBXBuildFile; fileRef = 183E66191D06C41C00E1A4E9 /* CounterView.swift */; };
		183E661C1D09E5BF00E1A4E9 /* Event.swift in Sources */ = {isa = PBXBuildFile; fileRef = 183E661B1D09E5BE00E1A4E9 /* Event.swift */; };
		1876A5711C311C890016EBCA /* back.png in Resources */ = {isa = PBXBuildFile; fileRef = 1876A5701C311C890016EBCA /* back.png */; };
		1876A5A01C3265430016EBCA /* iconBattery.png in Resources */ = {isa = PBXBuildFile; fileRef = 1876A5891C3265430016EBCA /* iconBattery.png */; };
		1876A5A11C3265430016EBCA /* iconNavi.png in Resources */ = {isa = PBXBuildFile; fileRef = 1876A58A1C3265430016EBCA /* iconNavi.png */; };
		1876A5A41C3265430016EBCA /* iconProfile.png in Resources */ = {isa = PBXBuildFile; fileRef = 1876A58D1C3265430016EBCA /* iconProfile.png */; };
		1876A5A51C3265430016EBCA /* iconSetting.png in Resources */ = {isa = PBXBuildFile; fileRef = 1876A58E1C3265430016EBCA /* iconSetting.png */; };
		1876A5A61C3265430016EBCA /* iconSpeed.png in Resources */ = {isa = PBXBuildFile; fileRef = 1876A58F1C3265430016EBCA /* iconSpeed.png */; };
		1876A5AA1C3265430016EBCA /* lineBottom.png in Resources */ = {isa = PBXBuildFile; fileRef = 1876A5931C3265430016EBCA /* lineBottom.png */; };
		1876A5AC1C3265430016EBCA /* modeBoostOff.png in Resources */ = {isa = PBXBuildFile; fileRef = 1876A5951C3265430016EBCA /* modeBoostOff.png */; };
		1876A5AD1C3265430016EBCA /* modeBoostOn.png in Resources */ = {isa = PBXBuildFile; fileRef = 1876A5961C3265430016EBCA /* modeBoostOn.png */; };
		1876A5AE1C3265430016EBCA /* modeEcoOff.png in Resources */ = {isa = PBXBuildFile; fileRef = 1876A5971C3265430016EBCA /* modeEcoOff.png */; };
		1876A5AF1C3265430016EBCA /* modeEcoOn.png in Resources */ = {isa = PBXBuildFile; fileRef = 1876A5981C3265430016EBCA /* modeEcoOn.png */; };
		1876A5B01C3265430016EBCA /* modeEkickAmplifiedOff.png in Resources */ = {isa = PBXBuildFile; fileRef = 1876A5991C3265430016EBCA /* modeEkickAmplifiedOff.png */; };
		1876A5B11C3265430016EBCA /* modeEkickAmplifiedOn.png in Resources */ = {isa = PBXBuildFile; fileRef = 1876A59A1C3265430016EBCA /* modeEkickAmplifiedOn.png */; };
		1876A5B21C3265430016EBCA /* modeEkickExtendOff.png in Resources */ = {isa = PBXBuildFile; fileRef = 1876A59B1C3265430016EBCA /* modeEkickExtendOff.png */; };
		1876A5B31C3265430016EBCA /* modeEkickExtendOn.png in Resources */ = {isa = PBXBuildFile; fileRef = 1876A59C1C3265430016EBCA /* modeEkickExtendOn.png */; };
		1876A5B41C3265430016EBCA /* modeRideOff.png in Resources */ = {isa = PBXBuildFile; fileRef = 1876A59D1C3265430016EBCA /* modeRideOff.png */; };
		1876A5B51C3265430016EBCA /* modeRideOn.png in Resources */ = {isa = PBXBuildFile; fileRef = 1876A59E1C3265430016EBCA /* modeRideOn.png */; };
		1876A5BE1C3616E40016EBCA /* icon_120_120.png in Resources */ = {isa = PBXBuildFile; fileRef = 1876A5BC1C3616E30016EBCA /* icon_120_120.png */; };
		1876A5BF1C3616E40016EBCA /* icon_180_180.png in Resources */ = {isa = PBXBuildFile; fileRef = 1876A5BD1C3616E40016EBCA /* icon_180_180.png */; };
		1876A5C51C3B4CEB0016EBCA /* pointer.png in Resources */ = {isa = PBXBuildFile; fileRef = 1876A5C41C3B4CEB0016EBCA /* pointer.png */; };
		187B92C81C26716500DA3BDF /* AppDelegate.swift in Sources */ = {isa = PBXBuildFile; fileRef = 187B92C71C26716500DA3BDF /* AppDelegate.swift */; };
		187B92CA1C26716500DA3BDF /* ViewController.swift in Sources */ = {isa = PBXBuildFile; fileRef = 187B92C91C26716500DA3BDF /* ViewController.swift */; };
		187B92CD1C26716600DA3BDF /* Main.storyboard in Resources */ = {isa = PBXBuildFile; fileRef = 187B92CB1C26716600DA3BDF /* Main.storyboard */; };
		187B92CF1C26716600DA3BDF /* Assets.xcassets in Resources */ = {isa = PBXBuildFile; fileRef = 187B92CE1C26716600DA3BDF /* Assets.xcassets */; };
		187B92D21C26716600DA3BDF /* LaunchScreen.storyboard in Resources */ = {isa = PBXBuildFile; fileRef = 187B92D01C26716600DA3BDF /* LaunchScreen.storyboard */; };
		187B92DD1C26716600DA3BDF /* ecorecoTests.swift in Sources */ = {isa = PBXBuildFile; fileRef = 187B92DC1C26716600DA3BDF /* ecorecoTests.swift */; };
		187B92E81C26716600DA3BDF /* ecorecoUITests.swift in Sources */ = {isa = PBXBuildFile; fileRef = 187B92E71C26716600DA3BDF /* ecorecoUITests.swift */; };
		18B781831C2935FE00AF0C07 /* SettingViewController.swift in Sources */ = {isa = PBXBuildFile; fileRef = 18B781821C2935FE00AF0C07 /* SettingViewController.swift */; };
		18EEF0BA1C2A3C380065AFE7 /* MapViewController.swift in Sources */ = {isa = PBXBuildFile; fileRef = 18EEF0B91C2A3C380065AFE7 /* MapViewController.swift */; };
		18EEF0C81C2AFEB40065AFE7 /* NRFManager.swift in Sources */ = {isa = PBXBuildFile; fileRef = 18EEF0C71C2AFEB40065AFE7 /* NRFManager.swift */; };
		18EEF0F81C2BF06F0065AFE7 /* DashboardViewController.swift in Sources */ = {isa = PBXBuildFile; fileRef = 18EEF0F71C2BF06F0065AFE7 /* DashboardViewController.swift */; };
		3C460A4E1C3CAFE100FB6EB6 /* mapPoint.png in Resources */ = {isa = PBXBuildFile; fileRef = 3C460A4D1C3CAFE100FB6EB6 /* mapPoint.png */; };
		3CB16A6F1DADC990004C3191 /* RideViewController.swift in Sources */ = {isa = PBXBuildFile; fileRef = 3CB16A6E1DADC990004C3191 /* RideViewController.swift */; };
		3CB16A761DADCB01004C3191 /* EditScooterComboViewController.swift in Sources */ = {isa = PBXBuildFile; fileRef = 3CB16A701DADCB01004C3191 /* EditScooterComboViewController.swift */; };
		3CB16A771DADCB01004C3191 /* SafetyViewController.swift in Sources */ = {isa = PBXBuildFile; fileRef = 3CB16A711DADCB01004C3191 /* SafetyViewController.swift */; };
		3CB16A781DADCB01004C3191 /* ScooterInfoViewController.swift in Sources */ = {isa = PBXBuildFile; fileRef = 3CB16A721DADCB01004C3191 /* ScooterInfoViewController.swift */; };
		3CB16A791DADCB01004C3191 /* SecurityViewController.swift in Sources */ = {isa = PBXBuildFile; fileRef = 3CB16A731DADCB01004C3191 /* SecurityViewController.swift */; };
		3CB16A7A1DADCB01004C3191 /* TripViewController.swift in Sources */ = {isa = PBXBuildFile; fileRef = 3CB16A741DADCB01004C3191 /* TripViewController.swift */; };
		3CB16A7B1DADCB01004C3191 /* UserProfileViewController.swift in Sources */ = {isa = PBXBuildFile; fileRef = 3CB16A751DADCB01004C3191 /* UserProfileViewController.swift */; };
		3CB16A7D1DADFDE9004C3191 /* ShopViewController.swift in Sources */ = {isa = PBXBuildFile; fileRef = 3CB16A7C1DADFDE9004C3191 /* ShopViewController.swift */; };
		3CEAC1EF1D0133A700F29628 /* FallViewController.swift in Sources */ = {isa = PBXBuildFile; fileRef = 3CEAC1EE1D0133A700F29628 /* FallViewController.swift */; };
		3CEAC1F11D01352D00F29628 /* FALL-DETECT_0000_FALL-DETECTED.png in Resources */ = {isa = PBXBuildFile; fileRef = 3CEAC1F01D01352C00F29628 /* FALL-DETECT_0000_FALL-DETECTED.png */; };
		3CEAC1F41D01353C00F29628 /* FALL-DETECT_0001_TEL.png in Resources */ = {isa = PBXBuildFile; fileRef = 3CEAC1F21D01353C00F29628 /* FALL-DETECT_0001_TEL.png */; };
		3CEAC1F51D01353C00F29628 /* FALL-DETECT_0002_RESET.png in Resources */ = {isa = PBXBuildFile; fileRef = 3CEAC1F31D01353C00F29628 /* FALL-DETECT_0002_RESET.png */; };
		3CEAC1F81D04015400F29628 /* lock-_0036_board-1.png in Resources */ = {isa = PBXBuildFile; fileRef = 3CEAC1F61D04015400F29628 /* lock-_0036_board-1.png */; };
		3CEAC1F91D04015400F29628 /* lock-_0037_board2.png in Resources */ = {isa = PBXBuildFile; fileRef = 3CEAC1F71D04015400F29628 /* lock-_0037_board2.png */; };
		8420B9131D651CA5009BA82A /* SettingCollectionViewController.swift in Sources */ = {isa = PBXBuildFile; fileRef = 8420B9121D651CA5009BA82A /* SettingCollectionViewController.swift */; };
		842DCFD91DACCE7000A71A8E /* settings.storyboard in Resources */ = {isa = PBXBuildFile; fileRef = 842DCFD81DACCE7000A71A8E /* settings.storyboard */; };
		842DCFDD1DACF5E800A71A8E /* RadarCanvas.swift in Sources */ = {isa = PBXBuildFile; fileRef = 842DCFDC1DACF5E800A71A8E /* RadarCanvas.swift */; };
		842DCFEB1DAE9D6C00A71A8E /* SearchTableViewController.swift in Sources */ = {isa = PBXBuildFile; fileRef = 842DCFEA1DAE9D6C00A71A8E /* SearchTableViewController.swift */; };
		842DCFED1DAE9F3000A71A8E /* SearchTableViewCell.swift in Sources */ = {isa = PBXBuildFile; fileRef = 842DCFEC1DAE9F3000A71A8E /* SearchTableViewCell.swift */; };
		842DCFEF1DAEAAE200A71A8E /* RadarEcorecoIcon.swift in Sources */ = {isa = PBXBuildFile; fileRef = 842DCFEE1DAEAAE200A71A8E /* RadarEcorecoIcon.swift */; };
		842DCFF61DB3395600A71A8E /* ColorUtil.swift in Sources */ = {isa = PBXBuildFile; fileRef = 842DCFF51DB3395600A71A8E /* ColorUtil.swift */; };
		842DCFFA1DB3976900A71A8E /* ResetComboViewController.swift in Sources */ = {isa = PBXBuildFile; fileRef = 842DCFF91DB3976900A71A8E /* ResetComboViewController.swift */; };
		842DCFFC1DB5D42400A71A8E /* SetDeviceNameViewController.swift in Sources */ = {isa = PBXBuildFile; fileRef = 842DCFFB1DB5D42300A71A8E /* SetDeviceNameViewController.swift */; };
		8492C5AB1D60D2CD0021D2FC /* PairViewController.swift in Sources */ = {isa = PBXBuildFile; fileRef = 8492C5AA1D60D2CD0021D2FC /* PairViewController.swift */; };
		84C3647F1D9CEF3C00AD4773 /* shop-g@3.png in Resources */ = {isa = PBXBuildFile; fileRef = 84C364731D9CEF3C00AD4773 /* shop-g@3.png */; };
		84C364801D9CEF3C00AD4773 /* shop-w@3.png in Resources */ = {isa = PBXBuildFile; fileRef = 84C364741D9CEF3C00AD4773 /* shop-w@3.png */; };
		84C364811D9CEF3C00AD4773 /* security-g@3.png in Resources */ = {isa = PBXBuildFile; fileRef = 84C364751D9CEF3C00AD4773 /* security-g@3.png */; };
		84C364821D9CEF3C00AD4773 /* security-w@3.png in Resources */ = {isa = PBXBuildFile; fileRef = 84C364761D9CEF3C00AD4773 /* security-w@3.png */; };
		84C364831D9CEF3C00AD4773 /* safety-g@3.png in Resources */ = {isa = PBXBuildFile; fileRef = 84C364771D9CEF3C00AD4773 /* safety-g@3.png */; };
		84C364841D9CEF3C00AD4773 /* safety-w@3.png in Resources */ = {isa = PBXBuildFile; fileRef = 84C364781D9CEF3C00AD4773 /* safety-w@3.png */; };
		84C364851D9CEF3C00AD4773 /* bluetooth-g@3.png in Resources */ = {isa = PBXBuildFile; fileRef = 84C364791D9CEF3C00AD4773 /* bluetooth-g@3.png */; };
		84C364861D9CEF3C00AD4773 /* bluetooth-w@3.png in Resources */ = {isa = PBXBuildFile; fileRef = 84C3647A1D9CEF3C00AD4773 /* bluetooth-w@3.png */; };
		84C364871D9CEF3C00AD4773 /* ride-g@3.png in Resources */ = {isa = PBXBuildFile; fileRef = 84C3647B1D9CEF3C00AD4773 /* ride-g@3.png */; };
		84C364881D9CEF3C00AD4773 /* ride-w@3.png in Resources */ = {isa = PBXBuildFile; fileRef = 84C3647C1D9CEF3C00AD4773 /* ride-w@3.png */; };
		84C364891D9CEF3C00AD4773 /* trip-g@3.png in Resources */ = {isa = PBXBuildFile; fileRef = 84C3647D1D9CEF3C00AD4773 /* trip-g@3.png */; };
		84C3648A1D9CEF3C00AD4773 /* trip-w@3.png in Resources */ = {isa = PBXBuildFile; fileRef = 84C3647E1D9CEF3C00AD4773 /* trip-w@3.png */; };
		84C3648C1D9D18EA00AD4773 /* setting-middle-divided.png in Resources */ = {isa = PBXBuildFile; fileRef = 84C3648B1D9D18EA00AD4773 /* setting-middle-divided.png */; };
		84C3648F1DA2B01E00AD4773 /* restcombo-g@3.png in Resources */ = {isa = PBXBuildFile; fileRef = 84C3648D1DA2B01E00AD4773 /* restcombo-g@3.png */; };
		84C364901DA2B01E00AD4773 /* restcombo-w@3.png in Resources */ = {isa = PBXBuildFile; fileRef = 84C3648E1DA2B01E00AD4773 /* restcombo-w@3.png */; };
		84D588F21DB6B5E000063BD6 /* DiagnoseViewController.swift in Sources */ = {isa = PBXBuildFile; fileRef = 84D588F11DB6B5DF00063BD6 /* DiagnoseViewController.swift */; };
		84D588F41DBC6AAE00063BD6 /* LaunchScreen.storyboard in Resources */ = {isa = PBXBuildFile; fileRef = 84D588F31DBC6AAE00063BD6 /* LaunchScreen.storyboard */; };
		84E61C1D1DAA7C9600A83B30 /* iconDiagnose-g.png in Resources */ = {isa = PBXBuildFile; fileRef = 84E61C1A1DAA7C9600A83B30 /* iconDiagnose-g.png */; };
		84E61C1E1DAA7C9600A83B30 /* iconDiagnose-gr.png in Resources */ = {isa = PBXBuildFile; fileRef = 84E61C1B1DAA7C9600A83B30 /* iconDiagnose-gr.png */; };
		84E61C1F1DAA7C9600A83B30 /* iconDiagnose-o.png in Resources */ = {isa = PBXBuildFile; fileRef = 84E61C1C1DAA7C9600A83B30 /* iconDiagnose-o.png */; };
		84E61C271DAAA4F500A83B30 /* VDS_Bold_New.ttf in Resources */ = {isa = PBXBuildFile; fileRef = 84E61C241DAAA4F500A83B30 /* VDS_Bold_New.ttf */; };
		84E61C281DAAA4F500A83B30 /* VDS_New.ttf in Resources */ = {isa = PBXBuildFile; fileRef = 84E61C251DAAA4F500A83B30 /* VDS_New.ttf */; };
		84E61C291DAAA4F500A83B30 /* VDS_Thin.ttf in Resources */ = {isa = PBXBuildFile; fileRef = 84E61C261DAAA4F500A83B30 /* VDS_Thin.ttf */; };
/* End PBXBuildFile section */

/* Begin PBXContainerItemProxy section */
		187B92D91C26716600DA3BDF /* PBXContainerItemProxy */ = {
			isa = PBXContainerItemProxy;
			containerPortal = 187B92BC1C26716500DA3BDF /* Project object */;
			proxyType = 1;
			remoteGlobalIDString = 187B92C31C26716500DA3BDF;
			remoteInfo = ecoreco;
		};
		187B92E41C26716600DA3BDF /* PBXContainerItemProxy */ = {
			isa = PBXContainerItemProxy;
			containerPortal = 187B92BC1C26716500DA3BDF /* Project object */;
			proxyType = 1;
			remoteGlobalIDString = 187B92C31C26716500DA3BDF;
			remoteInfo = ecoreco;
		};
/* End PBXContainerItemProxy section */

/* Begin PBXFileReference section */
		181F4FA91CFD887200B13E77 /* Scooter.xcdatamodel */ = {isa = PBXFileReference; lastKnownFileType = wrapper.xcdatamodel; path = Scooter.xcdatamodel; sourceTree = "<group>"; };
		181F4FAB1CFD88D100B13E77 /* ScooterModel.swift */ = {isa = PBXFileReference; fileEncoding = 4; lastKnownFileType = sourcecode.swift; path = ScooterModel.swift; sourceTree = "<group>"; };
		181F4FAD1CFDBDC100B13E77 /* CommonViewController.swift */ = {isa = PBXFileReference; fileEncoding = 4; lastKnownFileType = sourcecode.swift; path = CommonViewController.swift; sourceTree = "<group>"; };
		183E66191D06C41C00E1A4E9 /* CounterView.swift */ = {isa = PBXFileReference; fileEncoding = 4; lastKnownFileType = sourcecode.swift; path = CounterView.swift; sourceTree = "<group>"; };
		183E661B1D09E5BE00E1A4E9 /* Event.swift */ = {isa = PBXFileReference; fileEncoding = 4; lastKnownFileType = sourcecode.swift; path = Event.swift; sourceTree = "<group>"; };
		1876A5701C311C890016EBCA /* back.png */ = {isa = PBXFileReference; lastKnownFileType = image.png; name = back.png; path = images/back.png; sourceTree = "<group>"; };
		1876A5891C3265430016EBCA /* iconBattery.png */ = {isa = PBXFileReference; lastKnownFileType = image.png; name = iconBattery.png; path = images/iconBattery.png; sourceTree = "<group>"; };
		1876A58A1C3265430016EBCA /* iconNavi.png */ = {isa = PBXFileReference; lastKnownFileType = image.png; name = iconNavi.png; path = images/iconNavi.png; sourceTree = "<group>"; };
		1876A58D1C3265430016EBCA /* iconProfile.png */ = {isa = PBXFileReference; lastKnownFileType = image.png; name = iconProfile.png; path = images/iconProfile.png; sourceTree = "<group>"; };
		1876A58E1C3265430016EBCA /* iconSetting.png */ = {isa = PBXFileReference; lastKnownFileType = image.png; name = iconSetting.png; path = images/iconSetting.png; sourceTree = "<group>"; };
		1876A58F1C3265430016EBCA /* iconSpeed.png */ = {isa = PBXFileReference; lastKnownFileType = image.png; name = iconSpeed.png; path = images/iconSpeed.png; sourceTree = "<group>"; };
		1876A5931C3265430016EBCA /* lineBottom.png */ = {isa = PBXFileReference; lastKnownFileType = image.png; name = lineBottom.png; path = images/lineBottom.png; sourceTree = "<group>"; };
		1876A5951C3265430016EBCA /* modeBoostOff.png */ = {isa = PBXFileReference; lastKnownFileType = image.png; name = modeBoostOff.png; path = images/modeBoostOff.png; sourceTree = "<group>"; };
		1876A5961C3265430016EBCA /* modeBoostOn.png */ = {isa = PBXFileReference; lastKnownFileType = image.png; name = modeBoostOn.png; path = images/modeBoostOn.png; sourceTree = "<group>"; };
		1876A5971C3265430016EBCA /* modeEcoOff.png */ = {isa = PBXFileReference; lastKnownFileType = image.png; name = modeEcoOff.png; path = images/modeEcoOff.png; sourceTree = "<group>"; };
		1876A5981C3265430016EBCA /* modeEcoOn.png */ = {isa = PBXFileReference; lastKnownFileType = image.png; name = modeEcoOn.png; path = images/modeEcoOn.png; sourceTree = "<group>"; };
		1876A5991C3265430016EBCA /* modeEkickAmplifiedOff.png */ = {isa = PBXFileReference; lastKnownFileType = image.png; name = modeEkickAmplifiedOff.png; path = images/modeEkickAmplifiedOff.png; sourceTree = "<group>"; };
		1876A59A1C3265430016EBCA /* modeEkickAmplifiedOn.png */ = {isa = PBXFileReference; lastKnownFileType = image.png; name = modeEkickAmplifiedOn.png; path = images/modeEkickAmplifiedOn.png; sourceTree = "<group>"; };
		1876A59B1C3265430016EBCA /* modeEkickExtendOff.png */ = {isa = PBXFileReference; lastKnownFileType = image.png; name = modeEkickExtendOff.png; path = images/modeEkickExtendOff.png; sourceTree = "<group>"; };
		1876A59C1C3265430016EBCA /* modeEkickExtendOn.png */ = {isa = PBXFileReference; lastKnownFileType = image.png; name = modeEkickExtendOn.png; path = images/modeEkickExtendOn.png; sourceTree = "<group>"; };
		1876A59D1C3265430016EBCA /* modeRideOff.png */ = {isa = PBXFileReference; lastKnownFileType = image.png; name = modeRideOff.png; path = images/modeRideOff.png; sourceTree = "<group>"; };
		1876A59E1C3265430016EBCA /* modeRideOn.png */ = {isa = PBXFileReference; lastKnownFileType = image.png; name = modeRideOn.png; path = images/modeRideOn.png; sourceTree = "<group>"; };
		1876A5BC1C3616E30016EBCA /* icon_120_120.png */ = {isa = PBXFileReference; lastKnownFileType = image.png; name = icon_120_120.png; path = images/icon_120_120.png; sourceTree = "<group>"; };
		1876A5BD1C3616E40016EBCA /* icon_180_180.png */ = {isa = PBXFileReference; lastKnownFileType = image.png; name = icon_180_180.png; path = images/icon_180_180.png; sourceTree = "<group>"; };
		1876A5C41C3B4CEB0016EBCA /* pointer.png */ = {isa = PBXFileReference; lastKnownFileType = image.png; name = pointer.png; path = images/pointer.png; sourceTree = "<group>"; };
		187B92C41C26716500DA3BDF /* ecoreco.app */ = {isa = PBXFileReference; explicitFileType = wrapper.application; includeInIndex = 0; path = ecoreco.app; sourceTree = BUILT_PRODUCTS_DIR; };
		187B92C71C26716500DA3BDF /* AppDelegate.swift */ = {isa = PBXFileReference; lastKnownFileType = sourcecode.swift; path = AppDelegate.swift; sourceTree = "<group>"; };
		187B92C91C26716500DA3BDF /* ViewController.swift */ = {isa = PBXFileReference; lastKnownFileType = sourcecode.swift; path = ViewController.swift; sourceTree = "<group>"; };
		187B92CC1C26716600DA3BDF /* Base */ = {isa = PBXFileReference; lastKnownFileType = file.storyboard; name = Base; path = Base.lproj/Main.storyboard; sourceTree = "<group>"; };
		187B92CE1C26716600DA3BDF /* Assets.xcassets */ = {isa = PBXFileReference; lastKnownFileType = folder.assetcatalog; path = Assets.xcassets; sourceTree = "<group>"; };
		187B92D11C26716600DA3BDF /* Base */ = {isa = PBXFileReference; lastKnownFileType = file.storyboard; name = Base; path = Base.lproj/LaunchScreen.storyboard; sourceTree = "<group>"; };
		187B92D31C26716600DA3BDF /* Info.plist */ = {isa = PBXFileReference; lastKnownFileType = text.plist.xml; path = Info.plist; sourceTree = "<group>"; };
		187B92D81C26716600DA3BDF /* ecorecoTests.xctest */ = {isa = PBXFileReference; explicitFileType = wrapper.cfbundle; includeInIndex = 0; path = ecorecoTests.xctest; sourceTree = BUILT_PRODUCTS_DIR; };
		187B92DC1C26716600DA3BDF /* ecorecoTests.swift */ = {isa = PBXFileReference; lastKnownFileType = sourcecode.swift; path = ecorecoTests.swift; sourceTree = "<group>"; };
		187B92DE1C26716600DA3BDF /* Info.plist */ = {isa = PBXFileReference; lastKnownFileType = text.plist.xml; path = Info.plist; sourceTree = "<group>"; };
		187B92E31C26716600DA3BDF /* ecorecoUITests.xctest */ = {isa = PBXFileReference; explicitFileType = wrapper.cfbundle; includeInIndex = 0; path = ecorecoUITests.xctest; sourceTree = BUILT_PRODUCTS_DIR; };
		187B92E71C26716600DA3BDF /* ecorecoUITests.swift */ = {isa = PBXFileReference; lastKnownFileType = sourcecode.swift; path = ecorecoUITests.swift; sourceTree = "<group>"; };
		187B92E91C26716600DA3BDF /* Info.plist */ = {isa = PBXFileReference; lastKnownFileType = text.plist.xml; path = Info.plist; sourceTree = "<group>"; };
		18B781821C2935FE00AF0C07 /* SettingViewController.swift */ = {isa = PBXFileReference; fileEncoding = 4; lastKnownFileType = sourcecode.swift; path = SettingViewController.swift; sourceTree = "<group>"; };
		18EEF0B91C2A3C380065AFE7 /* MapViewController.swift */ = {isa = PBXFileReference; fileEncoding = 4; lastKnownFileType = sourcecode.swift; path = MapViewController.swift; sourceTree = "<group>"; };
		18EEF0C71C2AFEB40065AFE7 /* NRFManager.swift */ = {isa = PBXFileReference; fileEncoding = 4; lastKnownFileType = sourcecode.swift; path = NRFManager.swift; sourceTree = "<group>"; };
		18EEF0F71C2BF06F0065AFE7 /* DashboardViewController.swift */ = {isa = PBXFileReference; fileEncoding = 4; lastKnownFileType = sourcecode.swift; path = DashboardViewController.swift; sourceTree = "<group>"; };
		3C460A4D1C3CAFE100FB6EB6 /* mapPoint.png */ = {isa = PBXFileReference; lastKnownFileType = image.png; name = mapPoint.png; path = images/mapPoint.png; sourceTree = "<group>"; };
		3CB16A6E1DADC990004C3191 /* RideViewController.swift */ = {isa = PBXFileReference; fileEncoding = 4; lastKnownFileType = sourcecode.swift; path = RideViewController.swift; sourceTree = "<group>"; };
		3CB16A701DADCB01004C3191 /* EditScooterComboViewController.swift */ = {isa = PBXFileReference; fileEncoding = 4; lastKnownFileType = sourcecode.swift; path = EditScooterComboViewController.swift; sourceTree = "<group>"; };
		3CB16A711DADCB01004C3191 /* SafetyViewController.swift */ = {isa = PBXFileReference; fileEncoding = 4; lastKnownFileType = sourcecode.swift; path = SafetyViewController.swift; sourceTree = "<group>"; };
		3CB16A721DADCB01004C3191 /* ScooterInfoViewController.swift */ = {isa = PBXFileReference; fileEncoding = 4; lastKnownFileType = sourcecode.swift; path = ScooterInfoViewController.swift; sourceTree = "<group>"; };
		3CB16A731DADCB01004C3191 /* SecurityViewController.swift */ = {isa = PBXFileReference; fileEncoding = 4; lastKnownFileType = sourcecode.swift; path = SecurityViewController.swift; sourceTree = "<group>"; };
		3CB16A741DADCB01004C3191 /* TripViewController.swift */ = {isa = PBXFileReference; fileEncoding = 4; lastKnownFileType = sourcecode.swift; path = TripViewController.swift; sourceTree = "<group>"; };
		3CB16A751DADCB01004C3191 /* UserProfileViewController.swift */ = {isa = PBXFileReference; fileEncoding = 4; lastKnownFileType = sourcecode.swift; path = UserProfileViewController.swift; sourceTree = "<group>"; };
		3CB16A7C1DADFDE9004C3191 /* ShopViewController.swift */ = {isa = PBXFileReference; fileEncoding = 4; lastKnownFileType = sourcecode.swift; path = ShopViewController.swift; sourceTree = "<group>"; };
		3CEAC1EE1D0133A700F29628 /* FallViewController.swift */ = {isa = PBXFileReference; fileEncoding = 4; lastKnownFileType = sourcecode.swift; path = FallViewController.swift; sourceTree = "<group>"; };
		3CEAC1F01D01352C00F29628 /* FALL-DETECT_0000_FALL-DETECTED.png */ = {isa = PBXFileReference; lastKnownFileType = image.png; name = "FALL-DETECT_0000_FALL-DETECTED.png"; path = "images/FALL-DETECT_0000_FALL-DETECTED.png"; sourceTree = "<group>"; };
		3CEAC1F21D01353C00F29628 /* FALL-DETECT_0001_TEL.png */ = {isa = PBXFileReference; lastKnownFileType = image.png; name = "FALL-DETECT_0001_TEL.png"; path = "images/FALL-DETECT_0001_TEL.png"; sourceTree = "<group>"; };
		3CEAC1F31D01353C00F29628 /* FALL-DETECT_0002_RESET.png */ = {isa = PBXFileReference; lastKnownFileType = image.png; name = "FALL-DETECT_0002_RESET.png"; path = "images/FALL-DETECT_0002_RESET.png"; sourceTree = "<group>"; };
		3CEAC1F61D04015400F29628 /* lock-_0036_board-1.png */ = {isa = PBXFileReference; lastKnownFileType = image.png; name = "lock-_0036_board-1.png"; path = "images/lock-_0036_board-1.png"; sourceTree = "<group>"; };
		3CEAC1F71D04015400F29628 /* lock-_0037_board2.png */ = {isa = PBXFileReference; lastKnownFileType = image.png; name = "lock-_0037_board2.png"; path = "images/lock-_0037_board2.png"; sourceTree = "<group>"; };
		8420B9121D651CA5009BA82A /* SettingCollectionViewController.swift */ = {isa = PBXFileReference; fileEncoding = 4; lastKnownFileType = sourcecode.swift; name = SettingCollectionViewController.swift; path = Controller/SettingCollectionViewController.swift; sourceTree = "<group>"; };
		842DCFD81DACCE7000A71A8E /* settings.storyboard */ = {isa = PBXFileReference; fileEncoding = 4; lastKnownFileType = file.storyboard; path = settings.storyboard; sourceTree = "<group>"; };
		842DCFDC1DACF5E800A71A8E /* RadarCanvas.swift */ = {isa = PBXFileReference; fileEncoding = 4; lastKnownFileType = sourcecode.swift; path = RadarCanvas.swift; sourceTree = "<group>"; };
		842DCFEA1DAE9D6C00A71A8E /* SearchTableViewController.swift */ = {isa = PBXFileReference; fileEncoding = 4; lastKnownFileType = sourcecode.swift; name = SearchTableViewController.swift; path = Controller/SearchTableViewController.swift; sourceTree = "<group>"; };
		842DCFEC1DAE9F3000A71A8E /* SearchTableViewCell.swift */ = {isa = PBXFileReference; fileEncoding = 4; lastKnownFileType = sourcecode.swift; name = SearchTableViewCell.swift; path = Cell/SearchTableViewCell.swift; sourceTree = "<group>"; };
		842DCFEE1DAEAAE200A71A8E /* RadarEcorecoIcon.swift */ = {isa = PBXFileReference; fileEncoding = 4; lastKnownFileType = sourcecode.swift; name = RadarEcorecoIcon.swift; path = View/RadarEcorecoIcon.swift; sourceTree = "<group>"; };
		842DCFF51DB3395600A71A8E /* ColorUtil.swift */ = {isa = PBXFileReference; fileEncoding = 4; lastKnownFileType = sourcecode.swift; path = ColorUtil.swift; sourceTree = "<group>"; };
		842DCFF91DB3976900A71A8E /* ResetComboViewController.swift */ = {isa = PBXFileReference; fileEncoding = 4; lastKnownFileType = sourcecode.swift; name = ResetComboViewController.swift; path = Controller/ResetComboViewController.swift; sourceTree = "<group>"; };
		842DCFFB1DB5D42300A71A8E /* SetDeviceNameViewController.swift */ = {isa = PBXFileReference; fileEncoding = 4; lastKnownFileType = sourcecode.swift; name = SetDeviceNameViewController.swift; path = Controller/SetDeviceNameViewController.swift; sourceTree = "<group>"; };
		845D944F1DC028B40065C79D /* en */ = {isa = PBXFileReference; lastKnownFileType = text.plist.strings; name = en; path = en.lproj/Main.strings; sourceTree = "<group>"; };
		8492C5AA1D60D2CD0021D2FC /* PairViewController.swift */ = {isa = PBXFileReference; fileEncoding = 4; lastKnownFileType = sourcecode.swift; path = PairViewController.swift; sourceTree = "<group>"; };
		84C364731D9CEF3C00AD4773 /* shop-g@3.png */ = {isa = PBXFileReference; lastKnownFileType = image.png; name = "shop-g@3.png"; path = "images/shop-g@3.png"; sourceTree = "<group>"; };
		84C364741D9CEF3C00AD4773 /* shop-w@3.png */ = {isa = PBXFileReference; lastKnownFileType = image.png; name = "shop-w@3.png"; path = "images/shop-w@3.png"; sourceTree = "<group>"; };
		84C364751D9CEF3C00AD4773 /* security-g@3.png */ = {isa = PBXFileReference; lastKnownFileType = image.png; name = "security-g@3.png"; path = "images/security-g@3.png"; sourceTree = "<group>"; };
		84C364761D9CEF3C00AD4773 /* security-w@3.png */ = {isa = PBXFileReference; lastKnownFileType = image.png; name = "security-w@3.png"; path = "images/security-w@3.png"; sourceTree = "<group>"; };
		84C364771D9CEF3C00AD4773 /* safety-g@3.png */ = {isa = PBXFileReference; lastKnownFileType = image.png; name = "safety-g@3.png"; path = "images/safety-g@3.png"; sourceTree = "<group>"; };
		84C364781D9CEF3C00AD4773 /* safety-w@3.png */ = {isa = PBXFileReference; lastKnownFileType = image.png; name = "safety-w@3.png"; path = "images/safety-w@3.png"; sourceTree = "<group>"; };
		84C364791D9CEF3C00AD4773 /* bluetooth-g@3.png */ = {isa = PBXFileReference; lastKnownFileType = image.png; name = "bluetooth-g@3.png"; path = "images/bluetooth-g@3.png"; sourceTree = "<group>"; };
		84C3647A1D9CEF3C00AD4773 /* bluetooth-w@3.png */ = {isa = PBXFileReference; lastKnownFileType = image.png; name = "bluetooth-w@3.png"; path = "images/bluetooth-w@3.png"; sourceTree = "<group>"; };
		84C3647B1D9CEF3C00AD4773 /* ride-g@3.png */ = {isa = PBXFileReference; lastKnownFileType = image.png; name = "ride-g@3.png"; path = "images/ride-g@3.png"; sourceTree = "<group>"; };
		84C3647C1D9CEF3C00AD4773 /* ride-w@3.png */ = {isa = PBXFileReference; lastKnownFileType = image.png; name = "ride-w@3.png"; path = "images/ride-w@3.png"; sourceTree = "<group>"; };
		84C3647D1D9CEF3C00AD4773 /* trip-g@3.png */ = {isa = PBXFileReference; lastKnownFileType = image.png; name = "trip-g@3.png"; path = "images/trip-g@3.png"; sourceTree = "<group>"; };
		84C3647E1D9CEF3C00AD4773 /* trip-w@3.png */ = {isa = PBXFileReference; lastKnownFileType = image.png; name = "trip-w@3.png"; path = "images/trip-w@3.png"; sourceTree = "<group>"; };
		84C3648B1D9D18EA00AD4773 /* setting-middle-divided.png */ = {isa = PBXFileReference; lastKnownFileType = image.png; name = "setting-middle-divided.png"; path = "images/setting-middle-divided.png"; sourceTree = "<group>"; };
		84C3648D1DA2B01E00AD4773 /* restcombo-g@3.png */ = {isa = PBXFileReference; lastKnownFileType = image.png; name = "restcombo-g@3.png"; path = "images/restcombo-g@3.png"; sourceTree = "<group>"; };
		84C3648E1DA2B01E00AD4773 /* restcombo-w@3.png */ = {isa = PBXFileReference; lastKnownFileType = image.png; name = "restcombo-w@3.png"; path = "images/restcombo-w@3.png"; sourceTree = "<group>"; };
		84D588F11DB6B5DF00063BD6 /* DiagnoseViewController.swift */ = {isa = PBXFileReference; fileEncoding = 4; lastKnownFileType = sourcecode.swift; name = DiagnoseViewController.swift; path = Controller/DiagnoseViewController.swift; sourceTree = "<group>"; };
		84D588F31DBC6AAE00063BD6 /* LaunchScreen.storyboard */ = {isa = PBXFileReference; fileEncoding = 4; lastKnownFileType = file.storyboard; name = LaunchScreen.storyboard; path = ../LaunchScreen.storyboard; sourceTree = "<group>"; };
		84E61C1A1DAA7C9600A83B30 /* iconDiagnose-g.png */ = {isa = PBXFileReference; lastKnownFileType = image.png; name = "iconDiagnose-g.png"; path = "images/iconDiagnose-g.png"; sourceTree = "<group>"; };
		84E61C1B1DAA7C9600A83B30 /* iconDiagnose-gr.png */ = {isa = PBXFileReference; lastKnownFileType = image.png; name = "iconDiagnose-gr.png"; path = "images/iconDiagnose-gr.png"; sourceTree = "<group>"; };
		84E61C1C1DAA7C9600A83B30 /* iconDiagnose-o.png */ = {isa = PBXFileReference; lastKnownFileType = image.png; name = "iconDiagnose-o.png"; path = "images/iconDiagnose-o.png"; sourceTree = "<group>"; };
		84E61C241DAAA4F500A83B30 /* VDS_Bold_New.ttf */ = {isa = PBXFileReference; lastKnownFileType = file; name = VDS_Bold_New.ttf; path = Fonts/VDS_Bold_New.ttf; sourceTree = "<group>"; };
		84E61C251DAAA4F500A83B30 /* VDS_New.ttf */ = {isa = PBXFileReference; lastKnownFileType = file; name = VDS_New.ttf; path = Fonts/VDS_New.ttf; sourceTree = "<group>"; };
		84E61C261DAAA4F500A83B30 /* VDS_Thin.ttf */ = {isa = PBXFileReference; lastKnownFileType = file; name = VDS_Thin.ttf; path = Fonts/VDS_Thin.ttf; sourceTree = "<group>"; };
/* End PBXFileReference section */

/* Begin PBXFrameworksBuildPhase section */
		187B92C11C26716500DA3BDF /* Frameworks */ = {
			isa = PBXFrameworksBuildPhase;
			buildActionMask = 2147483647;
			files = (
			);
			runOnlyForDeploymentPostprocessing = 0;
		};
		187B92D51C26716600DA3BDF /* Frameworks */ = {
			isa = PBXFrameworksBuildPhase;
			buildActionMask = 2147483647;
			files = (
			);
			runOnlyForDeploymentPostprocessing = 0;
		};
		187B92E01C26716600DA3BDF /* Frameworks */ = {
			isa = PBXFrameworksBuildPhase;
			buildActionMask = 2147483647;
			files = (
			);
			runOnlyForDeploymentPostprocessing = 0;
		};
/* End PBXFrameworksBuildPhase section */

/* Begin PBXGroup section */
		183E66181D06C3C400E1A4E9 /* View */ = {
			isa = PBXGroup;
			children = (
				842DCFDC1DACF5E800A71A8E /* RadarCanvas.swift */,
				183E66191D06C41C00E1A4E9 /* CounterView.swift */,
				842DCFEE1DAEAAE200A71A8E /* RadarEcorecoIcon.swift */,
			);
			name = View;
			sourceTree = "<group>";
		};
		1863F3981CF4160F00B21266 /* Controller */ = {
			isa = PBXGroup;
			children = (
				3CB16A7C1DADFDE9004C3191 /* ShopViewController.swift */,
				3CB16A701DADCB01004C3191 /* EditScooterComboViewController.swift */,
				3CB16A711DADCB01004C3191 /* SafetyViewController.swift */,
				3CB16A721DADCB01004C3191 /* ScooterInfoViewController.swift */,
				3CB16A731DADCB01004C3191 /* SecurityViewController.swift */,
				3CB16A741DADCB01004C3191 /* TripViewController.swift */,
				3CB16A751DADCB01004C3191 /* UserProfileViewController.swift */,
				3CB16A6E1DADC990004C3191 /* RideViewController.swift */,
				18B781821C2935FE00AF0C07 /* SettingViewController.swift */,
				187B92C91C26716500DA3BDF /* ViewController.swift */,
				181F4FAD1CFDBDC100B13E77 /* CommonViewController.swift */,
				8492C5AA1D60D2CD0021D2FC /* PairViewController.swift */,
				8420B9121D651CA5009BA82A /* SettingCollectionViewController.swift */,
				842DCFEA1DAE9D6C00A71A8E /* SearchTableViewController.swift */,
				842DCFF91DB3976900A71A8E /* ResetComboViewController.swift */,
				842DCFFB1DB5D42300A71A8E /* SetDeviceNameViewController.swift */,
				84D588F11DB6B5DF00063BD6 /* DiagnoseViewController.swift */,
			);
			name = Controller;
			sourceTree = "<group>";
		};
		1863F3991CF4161D00B21266 /* Model */ = {
			isa = PBXGroup;
			children = (
				181F4FA81CFD887200B13E77 /* Scooter.xcdatamodeld */,
				181F4FAB1CFD88D100B13E77 /* ScooterModel.swift */,
				183E661B1D09E5BE00E1A4E9 /* Event.swift */,
			);
			name = Model;
			sourceTree = "<group>";
		};
		187B92BB1C26716500DA3BDF = {
			isa = PBXGroup;
			children = (
				187B92C61C26716500DA3BDF /* ecoreco */,
				187B92F91C27B35F00DA3BDF /* images */,
				187B92DB1C26716600DA3BDF /* ecorecoTests */,
				187B92E61C26716600DA3BDF /* ecorecoUITests */,
				187B92C51C26716500DA3BDF /* Products */,
			);
			sourceTree = "<group>";
		};
		187B92C51C26716500DA3BDF /* Products */ = {
			isa = PBXGroup;
			children = (
				187B92C41C26716500DA3BDF /* ecoreco.app */,
				187B92D81C26716600DA3BDF /* ecorecoTests.xctest */,
				187B92E31C26716600DA3BDF /* ecorecoUITests.xctest */,
			);
			name = Products;
			sourceTree = "<group>";
		};
		187B92C61C26716500DA3BDF /* ecoreco */ = {
			isa = PBXGroup;
			children = (
				84D588F51DBC6C1E00063BD6 /* Storyboard */,
				842DCFF41DB3392900A71A8E /* Util */,
				84E61C201DAA9DDF00A83B30 /* Fonts */,
				8420B90D1D65175C009BA82A /* Cell */,
				183E66181D06C3C400E1A4E9 /* View */,
				3CEAC1EE1D0133A700F29628 /* FallViewController.swift */,
				18EEF0F71C2BF06F0065AFE7 /* DashboardViewController.swift */,
				18EEF0C71C2AFEB40065AFE7 /* NRFManager.swift */,
				18EEF0B91C2A3C380065AFE7 /* MapViewController.swift */,
				1863F3991CF4161D00B21266 /* Model */,
				1863F3981CF4160F00B21266 /* Controller */,
				187B92C71C26716500DA3BDF /* AppDelegate.swift */,
				187B92CE1C26716600DA3BDF /* Assets.xcassets */,
				187B92D31C26716600DA3BDF /* Info.plist */,
			);
			path = ecoreco;
			sourceTree = "<group>";
		};
		187B92DB1C26716600DA3BDF /* ecorecoTests */ = {
			isa = PBXGroup;
			children = (
				187B92DC1C26716600DA3BDF /* ecorecoTests.swift */,
				187B92DE1C26716600DA3BDF /* Info.plist */,
			);
			path = ecorecoTests;
			sourceTree = "<group>";
		};
		187B92E61C26716600DA3BDF /* ecorecoUITests */ = {
			isa = PBXGroup;
			children = (
				187B92E71C26716600DA3BDF /* ecorecoUITests.swift */,
				187B92E91C26716600DA3BDF /* Info.plist */,
			);
			path = ecorecoUITests;
			sourceTree = "<group>";
		};
		187B92F91C27B35F00DA3BDF /* images */ = {
			isa = PBXGroup;
			children = (
				84E61C1A1DAA7C9600A83B30 /* iconDiagnose-g.png */,
				84E61C1B1DAA7C9600A83B30 /* iconDiagnose-gr.png */,
				84E61C1C1DAA7C9600A83B30 /* iconDiagnose-o.png */,
				84C3648D1DA2B01E00AD4773 /* restcombo-g@3.png */,
				84C3648E1DA2B01E00AD4773 /* restcombo-w@3.png */,
				84C3648B1D9D18EA00AD4773 /* setting-middle-divided.png */,
				84C364731D9CEF3C00AD4773 /* shop-g@3.png */,
				84C364741D9CEF3C00AD4773 /* shop-w@3.png */,
				84C364751D9CEF3C00AD4773 /* security-g@3.png */,
				84C364761D9CEF3C00AD4773 /* security-w@3.png */,
				84C364771D9CEF3C00AD4773 /* safety-g@3.png */,
				84C364781D9CEF3C00AD4773 /* safety-w@3.png */,
				84C364791D9CEF3C00AD4773 /* bluetooth-g@3.png */,
				84C3647A1D9CEF3C00AD4773 /* bluetooth-w@3.png */,
				84C3647B1D9CEF3C00AD4773 /* ride-g@3.png */,
				84C3647C1D9CEF3C00AD4773 /* ride-w@3.png */,
				84C3647D1D9CEF3C00AD4773 /* trip-g@3.png */,
				84C3647E1D9CEF3C00AD4773 /* trip-w@3.png */,
				3CEAC1F61D04015400F29628 /* lock-_0036_board-1.png */,
				3CEAC1F71D04015400F29628 /* lock-_0037_board2.png */,
				3CEAC1F21D01353C00F29628 /* FALL-DETECT_0001_TEL.png */,
				3CEAC1F31D01353C00F29628 /* FALL-DETECT_0002_RESET.png */,
				3CEAC1F01D01352C00F29628 /* FALL-DETECT_0000_FALL-DETECTED.png */,
				3C460A4D1C3CAFE100FB6EB6 /* mapPoint.png */,
				1876A5C41C3B4CEB0016EBCA /* pointer.png */,
				1876A5BC1C3616E30016EBCA /* icon_120_120.png */,
				1876A5BD1C3616E40016EBCA /* icon_180_180.png */,
				1876A5891C3265430016EBCA /* iconBattery.png */,
				1876A58A1C3265430016EBCA /* iconNavi.png */,
				1876A58D1C3265430016EBCA /* iconProfile.png */,
				1876A58E1C3265430016EBCA /* iconSetting.png */,
				1876A58F1C3265430016EBCA /* iconSpeed.png */,
				1876A5931C3265430016EBCA /* lineBottom.png */,
				1876A5951C3265430016EBCA /* modeBoostOff.png */,
				1876A5961C3265430016EBCA /* modeBoostOn.png */,
				1876A5971C3265430016EBCA /* modeEcoOff.png */,
				1876A5981C3265430016EBCA /* modeEcoOn.png */,
				1876A5991C3265430016EBCA /* modeEkickAmplifiedOff.png */,
				1876A59A1C3265430016EBCA /* modeEkickAmplifiedOn.png */,
				1876A59B1C3265430016EBCA /* modeEkickExtendOff.png */,
				1876A59C1C3265430016EBCA /* modeEkickExtendOn.png */,
				1876A59D1C3265430016EBCA /* modeRideOff.png */,
				1876A59E1C3265430016EBCA /* modeRideOn.png */,
				1876A5701C311C890016EBCA /* back.png */,
			);
			name = images;
			sourceTree = "<group>";
		};
		8420B90D1D65175C009BA82A /* Cell */ = {
			isa = PBXGroup;
			children = (
				842DCFEC1DAE9F3000A71A8E /* SearchTableViewCell.swift */,
			);
			name = Cell;
			sourceTree = "<group>";
		};
		842DCFF41DB3392900A71A8E /* Util */ = {
			isa = PBXGroup;
			children = (
				842DCFF51DB3395600A71A8E /* ColorUtil.swift */,
			);
			name = Util;
			sourceTree = "<group>";
		};
		84D588F51DBC6C1E00063BD6 /* Storyboard */ = {
			isa = PBXGroup;
			children = (
				187B92D01C26716600DA3BDF /* LaunchScreen.storyboard */,
				842DCFD81DACCE7000A71A8E /* settings.storyboard */,
				187B92CB1C26716600DA3BDF /* Main.storyboard */,
				84D588F31DBC6AAE00063BD6 /* LaunchScreen.storyboard */,
			);
			name = Storyboard;
			sourceTree = "<group>";
		};
		84E61C201DAA9DDF00A83B30 /* Fonts */ = {
			isa = PBXGroup;
			children = (
				84E61C241DAAA4F500A83B30 /* VDS_Bold_New.ttf */,
				84E61C251DAAA4F500A83B30 /* VDS_New.ttf */,
				84E61C261DAAA4F500A83B30 /* VDS_Thin.ttf */,
			);
			name = Fonts;
			sourceTree = "<group>";
		};
/* End PBXGroup section */

/* Begin PBXNativeTarget section */
		187B92C31C26716500DA3BDF /* ecoreco */ = {
			isa = PBXNativeTarget;
			buildConfigurationList = 187B92EC1C26716600DA3BDF /* Build configuration list for PBXNativeTarget "ecoreco" */;
			buildPhases = (
				187B92C01C26716500DA3BDF /* Sources */,
				187B92C11C26716500DA3BDF /* Frameworks */,
				187B92C21C26716500DA3BDF /* Resources */,
			);
			buildRules = (
			);
			dependencies = (
			);
			name = ecoreco;
			productName = ecoreco;
			productReference = 187B92C41C26716500DA3BDF /* ecoreco.app */;
			productType = "com.apple.product-type.application";
		};
		187B92D71C26716600DA3BDF /* ecorecoTests */ = {
			isa = PBXNativeTarget;
			buildConfigurationList = 187B92EF1C26716600DA3BDF /* Build configuration list for PBXNativeTarget "ecorecoTests" */;
			buildPhases = (
				187B92D41C26716600DA3BDF /* Sources */,
				187B92D51C26716600DA3BDF /* Frameworks */,
				187B92D61C26716600DA3BDF /* Resources */,
			);
			buildRules = (
			);
			dependencies = (
				187B92DA1C26716600DA3BDF /* PBXTargetDependency */,
			);
			name = ecorecoTests;
			productName = ecorecoTests;
			productReference = 187B92D81C26716600DA3BDF /* ecorecoTests.xctest */;
			productType = "com.apple.product-type.bundle.unit-test";
		};
		187B92E21C26716600DA3BDF /* ecorecoUITests */ = {
			isa = PBXNativeTarget;
			buildConfigurationList = 187B92F21C26716600DA3BDF /* Build configuration list for PBXNativeTarget "ecorecoUITests" */;
			buildPhases = (
				187B92DF1C26716600DA3BDF /* Sources */,
				187B92E01C26716600DA3BDF /* Frameworks */,
				187B92E11C26716600DA3BDF /* Resources */,
			);
			buildRules = (
			);
			dependencies = (
				187B92E51C26716600DA3BDF /* PBXTargetDependency */,
			);
			name = ecorecoUITests;
			productName = ecorecoUITests;
			productReference = 187B92E31C26716600DA3BDF /* ecorecoUITests.xctest */;
			productType = "com.apple.product-type.bundle.ui-testing";
		};
/* End PBXNativeTarget section */

/* Begin PBXProject section */
		187B92BC1C26716500DA3BDF /* Project object */ = {
			isa = PBXProject;
			attributes = {
				LastSwiftUpdateCheck = 0710;
				LastUpgradeCheck = 0710;
				ORGANIZATIONNAME = apple;
				TargetAttributes = {
					187B92C31C26716500DA3BDF = {
						CreatedOnToolsVersion = 7.1.1;
						DevelopmentTeam = 3TCWNJDF99;
						LastSwiftMigration = 0810;
					};
					187B92D71C26716600DA3BDF = {
						CreatedOnToolsVersion = 7.1.1;
						DevelopmentTeam = 3TCWNJDF99;
						LastSwiftMigration = 0810;
						TestTargetID = 187B92C31C26716500DA3BDF;
					};
					187B92E21C26716600DA3BDF = {
						CreatedOnToolsVersion = 7.1.1;
						DevelopmentTeam = 3TCWNJDF99;
						LastSwiftMigration = 0810;
						TestTargetID = 187B92C31C26716500DA3BDF;
					};
				};
			};
			buildConfigurationList = 187B92BF1C26716500DA3BDF /* Build configuration list for PBXProject "ecoreco" */;
			compatibilityVersion = "Xcode 3.2";
			developmentRegion = English;
			hasScannedForEncodings = 0;
			knownRegions = (
				en,
				Base,
			);
			mainGroup = 187B92BB1C26716500DA3BDF;
			productRefGroup = 187B92C51C26716500DA3BDF /* Products */;
			projectDirPath = "";
			projectRoot = "";
			targets = (
				187B92C31C26716500DA3BDF /* ecoreco */,
				187B92D71C26716600DA3BDF /* ecorecoTests */,
				187B92E21C26716600DA3BDF /* ecorecoUITests */,
			);
		};
/* End PBXProject section */

/* Begin PBXResourcesBuildPhase section */
		187B92C21C26716500DA3BDF /* Resources */ = {
			isa = PBXResourcesBuildPhase;
			buildActionMask = 2147483647;
			files = (
				84C364871D9CEF3C00AD4773 /* ride-g@3.png in Resources */,
				3C460A4E1C3CAFE100FB6EB6 /* mapPoint.png in Resources */,
				187B92D21C26716600DA3BDF /* LaunchScreen.storyboard in Resources */,
				84C364891D9CEF3C00AD4773 /* trip-g@3.png in Resources */,
				3CEAC1F81D04015400F29628 /* lock-_0036_board-1.png in Resources */,
				84E61C291DAAA4F500A83B30 /* VDS_Thin.ttf in Resources */,
				1876A5A41C3265430016EBCA /* iconProfile.png in Resources */,
				1876A5AF1C3265430016EBCA /* modeEcoOn.png in Resources */,
				1876A5AA1C3265430016EBCA /* lineBottom.png in Resources */,
				1876A5A61C3265430016EBCA /* iconSpeed.png in Resources */,
				1876A5A01C3265430016EBCA /* iconBattery.png in Resources */,
				84C3648C1D9D18EA00AD4773 /* setting-middle-divided.png in Resources */,
				1876A5AD1C3265430016EBCA /* modeBoostOn.png in Resources */,
				84E61C1D1DAA7C9600A83B30 /* iconDiagnose-g.png in Resources */,
				84C364881D9CEF3C00AD4773 /* ride-w@3.png in Resources */,
				3CEAC1F11D01352D00F29628 /* FALL-DETECT_0000_FALL-DETECTED.png in Resources */,
				1876A5C51C3B4CEB0016EBCA /* pointer.png in Resources */,
				1876A5BE1C3616E40016EBCA /* icon_120_120.png in Resources */,
				1876A5711C311C890016EBCA /* back.png in Resources */,
				1876A5A11C3265430016EBCA /* iconNavi.png in Resources */,
				84D588F41DBC6AAE00063BD6 /* LaunchScreen.storyboard in Resources */,
				187B92CF1C26716600DA3BDF /* Assets.xcassets in Resources */,
				1876A5B31C3265430016EBCA /* modeEkickExtendOn.png in Resources */,
				84C364811D9CEF3C00AD4773 /* security-g@3.png in Resources */,
				1876A5B01C3265430016EBCA /* modeEkickAmplifiedOff.png in Resources */,
				84C364851D9CEF3C00AD4773 /* bluetooth-g@3.png in Resources */,
				1876A5A51C3265430016EBCA /* iconSetting.png in Resources */,
				84C364901DA2B01E00AD4773 /* restcombo-w@3.png in Resources */,
				1876A5BF1C3616E40016EBCA /* icon_180_180.png in Resources */,
				84C364841D9CEF3C00AD4773 /* safety-w@3.png in Resources */,
				3CEAC1F91D04015400F29628 /* lock-_0037_board2.png in Resources */,
				84C3648F1DA2B01E00AD4773 /* restcombo-g@3.png in Resources */,
				1876A5AC1C3265430016EBCA /* modeBoostOff.png in Resources */,
				1876A5B41C3265430016EBCA /* modeRideOff.png in Resources */,
				84C364801D9CEF3C00AD4773 /* shop-w@3.png in Resources */,
				3CEAC1F41D01353C00F29628 /* FALL-DETECT_0001_TEL.png in Resources */,
				1876A5AE1C3265430016EBCA /* modeEcoOff.png in Resources */,
				84C364861D9CEF3C00AD4773 /* bluetooth-w@3.png in Resources */,
				84C364831D9CEF3C00AD4773 /* safety-g@3.png in Resources */,
				1876A5B21C3265430016EBCA /* modeEkickExtendOff.png in Resources */,
				84E61C1E1DAA7C9600A83B30 /* iconDiagnose-gr.png in Resources */,
				1876A5B51C3265430016EBCA /* modeRideOn.png in Resources */,
				84C364821D9CEF3C00AD4773 /* security-w@3.png in Resources */,
				187B92CD1C26716600DA3BDF /* Main.storyboard in Resources */,
				842DCFD91DACCE7000A71A8E /* settings.storyboard in Resources */,
				84E61C281DAAA4F500A83B30 /* VDS_New.ttf in Resources */,
				3CEAC1F51D01353C00F29628 /* FALL-DETECT_0002_RESET.png in Resources */,
				84E61C271DAAA4F500A83B30 /* VDS_Bold_New.ttf in Resources */,
				84E61C1F1DAA7C9600A83B30 /* iconDiagnose-o.png in Resources */,
				84C3648A1D9CEF3C00AD4773 /* trip-w@3.png in Resources */,
				84C3647F1D9CEF3C00AD4773 /* shop-g@3.png in Resources */,
				1876A5B11C3265430016EBCA /* modeEkickAmplifiedOn.png in Resources */,
			);
			runOnlyForDeploymentPostprocessing = 0;
		};
		187B92D61C26716600DA3BDF /* Resources */ = {
			isa = PBXResourcesBuildPhase;
			buildActionMask = 2147483647;
			files = (
			);
			runOnlyForDeploymentPostprocessing = 0;
		};
		187B92E11C26716600DA3BDF /* Resources */ = {
			isa = PBXResourcesBuildPhase;
			buildActionMask = 2147483647;
			files = (
			);
			runOnlyForDeploymentPostprocessing = 0;
		};
/* End PBXResourcesBuildPhase section */

/* Begin PBXSourcesBuildPhase section */
		187B92C01C26716500DA3BDF /* Sources */ = {
			isa = PBXSourcesBuildPhase;
			buildActionMask = 2147483647;
			files = (
				181F4FAE1CFDBDC100B13E77 /* CommonViewController.swift in Sources */,
				3CB16A7A1DADCB01004C3191 /* TripViewController.swift in Sources */,
				3CB16A7D1DADFDE9004C3191 /* ShopViewController.swift in Sources */,
				187B92CA1C26716500DA3BDF /* ViewController.swift in Sources */,
				181F4FAA1CFD887200B13E77 /* Scooter.xcdatamodeld in Sources */,
				3CB16A771DADCB01004C3191 /* SafetyViewController.swift in Sources */,
				3CB16A781DADCB01004C3191 /* ScooterInfoViewController.swift in Sources */,
				3CB16A791DADCB01004C3191 /* SecurityViewController.swift in Sources */,
				3CB16A761DADCB01004C3191 /* EditScooterComboViewController.swift in Sources */,
				842DCFFA1DB3976900A71A8E /* ResetComboViewController.swift in Sources */,
				18EEF0F81C2BF06F0065AFE7 /* DashboardViewController.swift in Sources */,
				842DCFDD1DACF5E800A71A8E /* RadarCanvas.swift in Sources */,
				8492C5AB1D60D2CD0021D2FC /* PairViewController.swift in Sources */,
				842DCFF61DB3395600A71A8E /* ColorUtil.swift in Sources */,
				183E661C1D09E5BF00E1A4E9 /* Event.swift in Sources */,
				842DCFEB1DAE9D6C00A71A8E /* SearchTableViewController.swift in Sources */,
				842DCFEF1DAEAAE200A71A8E /* RadarEcorecoIcon.swift in Sources */,
				842DCFFC1DB5D42400A71A8E /* SetDeviceNameViewController.swift in Sources */,
				3CEAC1EF1D0133A700F29628 /* FallViewController.swift in Sources */,
				187B92C81C26716500DA3BDF /* AppDelegate.swift in Sources */,
				183E661A1D06C41C00E1A4E9 /* CounterView.swift in Sources */,
				842DCFED1DAE9F3000A71A8E /* SearchTableViewCell.swift in Sources */,
				18EEF0BA1C2A3C380065AFE7 /* MapViewController.swift in Sources */,
				181F4FAC1CFD88D100B13E77 /* ScooterModel.swift in Sources */,
				3CB16A7B1DADCB01004C3191 /* UserProfileViewController.swift in Sources */,
				3CB16A6F1DADC990004C3191 /* RideViewController.swift in Sources */,
				84D588F21DB6B5E000063BD6 /* DiagnoseViewController.swift in Sources */,
				18EEF0C81C2AFEB40065AFE7 /* NRFManager.swift in Sources */,
				18B781831C2935FE00AF0C07 /* SettingViewController.swift in Sources */,
				8420B9131D651CA5009BA82A /* SettingCollectionViewController.swift in Sources */,
			);
			runOnlyForDeploymentPostprocessing = 0;
		};
		187B92D41C26716600DA3BDF /* Sources */ = {
			isa = PBXSourcesBuildPhase;
			buildActionMask = 2147483647;
			files = (
				187B92DD1C26716600DA3BDF /* ecorecoTests.swift in Sources */,
			);
			runOnlyForDeploymentPostprocessing = 0;
		};
		187B92DF1C26716600DA3BDF /* Sources */ = {
			isa = PBXSourcesBuildPhase;
			buildActionMask = 2147483647;
			files = (
				187B92E81C26716600DA3BDF /* ecorecoUITests.swift in Sources */,
			);
			runOnlyForDeploymentPostprocessing = 0;
		};
/* End PBXSourcesBuildPhase section */

/* Begin PBXTargetDependency section */
		187B92DA1C26716600DA3BDF /* PBXTargetDependency */ = {
			isa = PBXTargetDependency;
			target = 187B92C31C26716500DA3BDF /* ecoreco */;
			targetProxy = 187B92D91C26716600DA3BDF /* PBXContainerItemProxy */;
		};
		187B92E51C26716600DA3BDF /* PBXTargetDependency */ = {
			isa = PBXTargetDependency;
			target = 187B92C31C26716500DA3BDF /* ecoreco */;
			targetProxy = 187B92E41C26716600DA3BDF /* PBXContainerItemProxy */;
		};
/* End PBXTargetDependency section */

/* Begin PBXVariantGroup section */
		187B92CB1C26716600DA3BDF /* Main.storyboard */ = {
			isa = PBXVariantGroup;
			children = (
				187B92CC1C26716600DA3BDF /* Base */,
				845D944F1DC028B40065C79D /* en */,
			);
			name = Main.storyboard;
			sourceTree = "<group>";
		};
		187B92D01C26716600DA3BDF /* LaunchScreen.storyboard */ = {
			isa = PBXVariantGroup;
			children = (
				187B92D11C26716600DA3BDF /* Base */,
			);
			name = LaunchScreen.storyboard;
			sourceTree = "<group>";
		};
/* End PBXVariantGroup section */

/* Begin XCBuildConfiguration section */
		187B92EA1C26716600DA3BDF /* Debug */ = {
			isa = XCBuildConfiguration;
			buildSettings = {
				ALWAYS_SEARCH_USER_PATHS = NO;
				CLANG_CXX_LANGUAGE_STANDARD = "gnu++0x";
				CLANG_CXX_LIBRARY = "libc++";
				CLANG_ENABLE_MODULES = YES;
				CLANG_ENABLE_OBJC_ARC = YES;
				CLANG_WARN_BOOL_CONVERSION = YES;
				CLANG_WARN_CONSTANT_CONVERSION = YES;
				CLANG_WARN_DIRECT_OBJC_ISA_USAGE = YES_ERROR;
				CLANG_WARN_EMPTY_BODY = YES;
				CLANG_WARN_ENUM_CONVERSION = YES;
				CLANG_WARN_INT_CONVERSION = YES;
				CLANG_WARN_OBJC_ROOT_CLASS = YES_ERROR;
				CLANG_WARN_UNREACHABLE_CODE = YES;
				CLANG_WARN__DUPLICATE_METHOD_MATCH = YES;
				"CODE_SIGN_IDENTITY[sdk=iphoneos*]" = "iPhone Developer";
				COPY_PHASE_STRIP = NO;
				DEBUG_INFORMATION_FORMAT = dwarf;
				ENABLE_STRICT_OBJC_MSGSEND = YES;
				ENABLE_TESTABILITY = YES;
				GCC_C_LANGUAGE_STANDARD = gnu99;
				GCC_DYNAMIC_NO_PIC = NO;
				GCC_NO_COMMON_BLOCKS = YES;
				GCC_OPTIMIZATION_LEVEL = 0;
				GCC_PREPROCESSOR_DEFINITIONS = (
					"DEBUG=1",
					"$(inherited)",
				);
				GCC_WARN_64_TO_32_BIT_CONVERSION = YES;
				GCC_WARN_ABOUT_RETURN_TYPE = YES_ERROR;
				GCC_WARN_UNDECLARED_SELECTOR = YES;
				GCC_WARN_UNINITIALIZED_AUTOS = YES_AGGRESSIVE;
				GCC_WARN_UNUSED_FUNCTION = YES;
				GCC_WARN_UNUSED_VARIABLE = YES;
				IPHONEOS_DEPLOYMENT_TARGET = 9.1;
				MTL_ENABLE_DEBUG_INFO = YES;
				ONLY_ACTIVE_ARCH = YES;
				SDKROOT = iphoneos;
				SWIFT_OPTIMIZATION_LEVEL = "-Onone";
			};
			name = Debug;
		};
		187B92EB1C26716600DA3BDF /* Release */ = {
			isa = XCBuildConfiguration;
			buildSettings = {
				ALWAYS_SEARCH_USER_PATHS = NO;
				CLANG_CXX_LANGUAGE_STANDARD = "gnu++0x";
				CLANG_CXX_LIBRARY = "libc++";
				CLANG_ENABLE_MODULES = YES;
				CLANG_ENABLE_OBJC_ARC = YES;
				CLANG_WARN_BOOL_CONVERSION = YES;
				CLANG_WARN_CONSTANT_CONVERSION = YES;
				CLANG_WARN_DIRECT_OBJC_ISA_USAGE = YES_ERROR;
				CLANG_WARN_EMPTY_BODY = YES;
				CLANG_WARN_ENUM_CONVERSION = YES;
				CLANG_WARN_INT_CONVERSION = YES;
				CLANG_WARN_OBJC_ROOT_CLASS = YES_ERROR;
				CLANG_WARN_UNREACHABLE_CODE = YES;
				CLANG_WARN__DUPLICATE_METHOD_MATCH = YES;
				"CODE_SIGN_IDENTITY[sdk=iphoneos*]" = "iPhone Developer";
				COPY_PHASE_STRIP = NO;
				DEBUG_INFORMATION_FORMAT = "dwarf-with-dsym";
				ENABLE_NS_ASSERTIONS = NO;
				ENABLE_STRICT_OBJC_MSGSEND = YES;
				GCC_C_LANGUAGE_STANDARD = gnu99;
				GCC_NO_COMMON_BLOCKS = YES;
				GCC_WARN_64_TO_32_BIT_CONVERSION = YES;
				GCC_WARN_ABOUT_RETURN_TYPE = YES_ERROR;
				GCC_WARN_UNDECLARED_SELECTOR = YES;
				GCC_WARN_UNINITIALIZED_AUTOS = YES_AGGRESSIVE;
				GCC_WARN_UNUSED_FUNCTION = YES;
				GCC_WARN_UNUSED_VARIABLE = YES;
				IPHONEOS_DEPLOYMENT_TARGET = 9.1;
				MTL_ENABLE_DEBUG_INFO = NO;
				SDKROOT = iphoneos;
				VALIDATE_PRODUCT = YES;
			};
			name = Release;
		};
		187B92ED1C26716600DA3BDF /* Debug */ = {
			isa = XCBuildConfiguration;
			buildSettings = {
				ASSETCATALOG_COMPILER_APPICON_NAME = AppIcon;
				CODE_SIGN_IDENTITY = "iPhone Developer";
				"CODE_SIGN_IDENTITY[sdk=iphoneos*]" = "iPhone Developer";
				INFOPLIST_FILE = ecoreco/Info.plist;
				IPHONEOS_DEPLOYMENT_TARGET = 8.1;
				LD_RUNPATH_SEARCH_PATHS = "$(inherited) @executable_path/Frameworks";
				PRODUCT_BUNDLE_IDENTIFIER = com.jeez.jacky;
				PRODUCT_NAME = "$(TARGET_NAME)";
				PROVISIONING_PROFILE = "";
				SWIFT_OBJC_BRIDGING_HEADER = "";
				SWIFT_VERSION = 2.3;
			};
			name = Debug;
		};
		187B92EE1C26716600DA3BDF /* Release */ = {
			isa = XCBuildConfiguration;
			buildSettings = {
				ASSETCATALOG_COMPILER_APPICON_NAME = AppIcon;
				CODE_SIGN_IDENTITY = "iPhone Developer";
				"CODE_SIGN_IDENTITY[sdk=iphoneos*]" = "iPhone Developer";
				INFOPLIST_FILE = ecoreco/Info.plist;
				IPHONEOS_DEPLOYMENT_TARGET = 8.1;
				LD_RUNPATH_SEARCH_PATHS = "$(inherited) @executable_path/Frameworks";
				PRODUCT_BUNDLE_IDENTIFIER = com.jeez.jacky;
				PRODUCT_NAME = "$(TARGET_NAME)";
				PROVISIONING_PROFILE = "";
				SWIFT_OBJC_BRIDGING_HEADER = "";
				SWIFT_VERSION = 2.3;
			};
			name = Release;
		};
		187B92F01C26716600DA3BDF /* Debug */ = {
			isa = XCBuildConfiguration;
			buildSettings = {
				BUNDLE_LOADER = "$(TEST_HOST)";
				INFOPLIST_FILE = ecorecoTests/Info.plist;
				LD_RUNPATH_SEARCH_PATHS = "$(inherited) @executable_path/Frameworks @loader_path/Frameworks";
				PRODUCT_BUNDLE_IDENTIFIER = com.jeez.jacky.ecorecoTests;
				PRODUCT_NAME = "$(TARGET_NAME)";
				SWIFT_VERSION = 2.3;
				TEST_HOST = "$(BUILT_PRODUCTS_DIR)/ecoreco.app/ecoreco";
			};
			name = Debug;
		};
		187B92F11C26716600DA3BDF /* Release */ = {
			isa = XCBuildConfiguration;
			buildSettings = {
				BUNDLE_LOADER = "$(TEST_HOST)";
				INFOPLIST_FILE = ecorecoTests/Info.plist;
				LD_RUNPATH_SEARCH_PATHS = "$(inherited) @executable_path/Frameworks @loader_path/Frameworks";
				PRODUCT_BUNDLE_IDENTIFIER = com.jeez.jacky.ecorecoTests;
				PRODUCT_NAME = "$(TARGET_NAME)";
				SWIFT_VERSION = 2.3;
				TEST_HOST = "$(BUILT_PRODUCTS_DIR)/ecoreco.app/ecoreco";
			};
			name = Release;
		};
		187B92F31C26716600DA3BDF /* Debug */ = {
			isa = XCBuildConfiguration;
			buildSettings = {
				INFOPLIST_FILE = ecorecoUITests/Info.plist;
				LD_RUNPATH_SEARCH_PATHS = "$(inherited) @executable_path/Frameworks @loader_path/Frameworks";
				PRODUCT_BUNDLE_IDENTIFIER = com.jeez.jacky.ecorecoUITests;
				PRODUCT_NAME = "$(TARGET_NAME)";
				SWIFT_VERSION = 2.3;
				TEST_TARGET_NAME = ecoreco;
				USES_XCTRUNNER = YES;
			};
			name = Debug;
		};
		187B92F41C26716600DA3BDF /* Release */ = {
			isa = XCBuildConfiguration;
			buildSettings = {
				INFOPLIST_FILE = ecorecoUITests/Info.plist;
				LD_RUNPATH_SEARCH_PATHS = "$(inherited) @executable_path/Frameworks @loader_path/Frameworks";
				PRODUCT_BUNDLE_IDENTIFIER = com.jeez.jacky.ecorecoUITests;
				PRODUCT_NAME = "$(TARGET_NAME)";
				SWIFT_VERSION = 2.3;
				TEST_TARGET_NAME = ecoreco;
				USES_XCTRUNNER = YES;
			};
			name = Release;
		};
/* End XCBuildConfiguration section */

/* Begin XCConfigurationList section */
		187B92BF1C26716500DA3BDF /* Build configuration list for PBXProject "ecoreco" */ = {
			isa = XCConfigurationList;
			buildConfigurations = (
				187B92EA1C26716600DA3BDF /* Debug */,
				187B92EB1C26716600DA3BDF /* Release */,
			);
			defaultConfigurationIsVisible = 0;
			defaultConfigurationName = Release;
		};
		187B92EC1C26716600DA3BDF /* Build configuration list for PBXNativeTarget "ecoreco" */ = {
			isa = XCConfigurationList;
			buildConfigurations = (
				187B92ED1C26716600DA3BDF /* Debug */,
				187B92EE1C26716600DA3BDF /* Release */,
			);
			defaultConfigurationIsVisible = 0;
			defaultConfigurationName = Release;
		};
		187B92EF1C26716600DA3BDF /* Build configuration list for PBXNativeTarget "ecorecoTests" */ = {
			isa = XCConfigurationList;
			buildConfigurations = (
				187B92F01C26716600DA3BDF /* Debug */,
				187B92F11C26716600DA3BDF /* Release */,
			);
			defaultConfigurationIsVisible = 0;
			defaultConfigurationName = Release;
		};
		187B92F21C26716600DA3BDF /* Build configuration list for PBXNativeTarget "ecorecoUITests" */ = {
			isa = XCConfigurationList;
			buildConfigurations = (
				187B92F31C26716600DA3BDF /* Debug */,
				187B92F41C26716600DA3BDF /* Release */,
			);
			defaultConfigurationIsVisible = 0;
			defaultConfigurationName = Release;
		};
/* End XCConfigurationList section */

/* Begin XCVersionGroup section */
		181F4FA81CFD887200B13E77 /* Scooter.xcdatamodeld */ = {
			isa = XCVersionGroup;
			children = (
				181F4FA91CFD887200B13E77 /* Scooter.xcdatamodel */,
			);
			currentVersion = 181F4FA91CFD887200B13E77 /* Scooter.xcdatamodel */;
			path = Scooter.xcdatamodeld;
			sourceTree = "<group>";
			versionGroupType = wrapper.xcdatamodel;
		};
/* End XCVersionGroup section */
	};
	rootObject = 187B92BC1C26716500DA3BDF /* Project object */;
}
